
Microsoft Visual Studio Solution File, Format Version 12.00
# Visual Studio Version 17
VisualStudioVersion = 17.0.32112.339
MinimumVisualStudioVersion = 10.0.40219.1
Project("{FAE04EC0-301F-11D3-BF4B-00C04F79EFBC}") = "Metoder Lette 1-3", "Metoder Lette 1-3\Metoder Lette 1-3.csproj", "{7105E6DE-60EF-4D80-8DCB-7C7D0B4F5EE7}"
EndProject
Global
	GlobalSection(SolutionConfigurationPlatforms) = preSolution
		Debug|Any CPU = Debug|Any CPU
		Release|Any CPU = Release|Any CPU
	EndGlobalSection
	GlobalSection(ProjectConfigurationPlatforms) = postSolution
		{7105E6DE-60EF-4D80-8DCB-7C7D0B4F5EE7}.Debug|Any CPU.ActiveCfg = Debug|Any CPU
		{7105E6DE-60EF-4D80-8DCB-7C7D0B4F5EE7}.Debug|Any CPU.Build.0 = Debug|Any CPU
		{7105E6DE-60EF-4D80-8DCB-7C7D0B4F5EE7}.Release|Any CPU.ActiveCfg = Release|Any CPU
		{7105E6DE-60EF-4D80-8DCB-7C7D0B4F5EE7}.Release|Any CPU.Build.0 = Release|Any CPU
	EndGlobalSection
	GlobalSection(SolutionProperties) = preSolution
		HideSolutionNode = FALSE
	EndGlobalSection
	GlobalSection(ExtensibilityGlobals) = postSolution
		SolutionGuid = {E7567029-0E09-4E9C-88E5-06579EBC3986}
	EndGlobalSection
EndGlobal
